
Microsoft Visual Studio Solution File, Format Version 11.00
# Visual Studio 2010
Project("{FAE04EC0-301F-11D3-BF4B-00C04F79EFBC}") = "CodeGraph", "CodeGraph.csproj", "{0b6800f8-45e5-a384-b3d3-d19ce4531125}"
EndProject
Project("{FAE04EC0-301F-11D3-BF4B-00C04F79EFBC}") = "Assembly-CSharp", "Assembly-CSharp.csproj", "{8d9fde75-e90f-176f-5813-7dd5a8e548f2}"
EndProject
Project("{FAE04EC0-301F-11D3-BF4B-00C04F79EFBC}") = "Assembly-CSharp-Editor-firstpass", "Assembly-CSharp-Editor-firstpass.csproj", "{7bd80cf6-0e49-a677-60b3-616066cf66dc}"
EndProject
Global
	GlobalSection(SolutionConfigurationPlatforms) = preSolution
		Debug|Any CPU = Debug|Any CPU
		Release|Any CPU = Release|Any CPU
	EndGlobalSection
	GlobalSection(ProjectConfigurationPlatforms) = postSolution
		{0b6800f8-45e5-a384-b3d3-d19ce4531125}.Debug|Any CPU.ActiveCfg = Debug|Any CPU
		{0b6800f8-45e5-a384-b3d3-d19ce4531125}.Debug|Any CPU.Build.0 = Debug|Any CPU
		{0b6800f8-45e5-a384-b3d3-d19ce4531125}.Release|Any CPU.ActiveCfg = Release|Any CPU
		{0b6800f8-45e5-a384-b3d3-d19ce4531125}.Release|Any CPU.Build.0 = Release|Any CPU
		{8d9fde75-e90f-176f-5813-7dd5a8e548f2}.Debug|Any CPU.ActiveCfg = Debug|Any CPU
		{8d9fde75-e90f-176f-5813-7dd5a8e548f2}.Debug|Any CPU.Build.0 = Debug|Any CPU
		{8d9fde75-e90f-176f-5813-7dd5a8e548f2}.Release|Any CPU.ActiveCfg = Release|Any CPU
		{8d9fde75-e90f-176f-5813-7dd5a8e548f2}.Release|Any CPU.Build.0 = Release|Any CPU
		{7bd80cf6-0e49-a677-60b3-616066cf66dc}.Debug|Any CPU.ActiveCfg = Debug|Any CPU
		{7bd80cf6-0e49-a677-60b3-616066cf66dc}.Debug|Any CPU.Build.0 = Debug|Any CPU
		{7bd80cf6-0e49-a677-60b3-616066cf66dc}.Release|Any CPU.ActiveCfg = Release|Any CPU
		{7bd80cf6-0e49-a677-60b3-616066cf66dc}.Release|Any CPU.Build.0 = Release|Any CPU
	EndGlobalSection
	GlobalSection(SolutionProperties) = preSolution
		HideSolutionNode = FALSE
	EndGlobalSection
EndGlobal
